
Microsoft Visual Studio Solution File, Format Version 12.00
# Visual Studio Version 16
VisualStudioVersion = 16.0.31313.381
MinimumVisualStudioVersion = 10.0.40219.1
Project("{9A19103F-16F7-4668-BE54-9A1E7A4F7556}") = "Lessons.First", "Lessons.First\Lessons.First.csproj", "{94A7D8BA-B48F-44D8-B74F-C2BD64E34E12}"
EndProject
Project("{FAE04EC0-301F-11D3-BF4B-00C04F79EFBC}") = "Lessons.Common", "Lessons.Common\Lessons.Common.csproj", "{BEAD40E5-07FE-4B9A-9A4A-DB860FB3C7ED}"
EndProject
Project("{FAE04EC0-301F-11D3-BF4B-00C04F79EFBC}") = "Lessons.App", "Lessons.App\Lessons.App.csproj", "{5F4BC7DF-5887-40CE-80C1-9D3A4437C974}"
EndProject
Project("{FAE04EC0-301F-11D3-BF4B-00C04F79EFBC}") = "Lessons.Runner", "Lessons.Runner\Lessons.Runner.csproj", "{F75D79D0-430B-431B-BAE3-5131C1099928}"
EndProject
Project("{FAE04EC0-301F-11D3-BF4B-00C04F79EFBC}") = "Lessons.Logic", "Lessons.Logic\Lessons.Logic.csproj", "{4B8C7826-EFC6-48E8-B157-7AF8FA7ED33B}"
EndProject
Global
	GlobalSection(SolutionConfigurationPlatforms) = preSolution
		Debug|Any CPU = Debug|Any CPU
		Release|Any CPU = Release|Any CPU
	EndGlobalSection
	GlobalSection(ProjectConfigurationPlatforms) = postSolution
		{94A7D8BA-B48F-44D8-B74F-C2BD64E34E12}.Debug|Any CPU.ActiveCfg = Debug|Any CPU
		{94A7D8BA-B48F-44D8-B74F-C2BD64E34E12}.Debug|Any CPU.Build.0 = Debug|Any CPU
		{94A7D8BA-B48F-44D8-B74F-C2BD64E34E12}.Release|Any CPU.ActiveCfg = Release|Any CPU
		{94A7D8BA-B48F-44D8-B74F-C2BD64E34E12}.Release|Any CPU.Build.0 = Release|Any CPU
		{BEAD40E5-07FE-4B9A-9A4A-DB860FB3C7ED}.Debug|Any CPU.ActiveCfg = Debug|Any CPU
		{BEAD40E5-07FE-4B9A-9A4A-DB860FB3C7ED}.Debug|Any CPU.Build.0 = Debug|Any CPU
		{BEAD40E5-07FE-4B9A-9A4A-DB860FB3C7ED}.Release|Any CPU.ActiveCfg = Release|Any CPU
		{BEAD40E5-07FE-4B9A-9A4A-DB860FB3C7ED}.Release|Any CPU.Build.0 = Release|Any CPU
		{5F4BC7DF-5887-40CE-80C1-9D3A4437C974}.Debug|Any CPU.ActiveCfg = Debug|Any CPU
		{5F4BC7DF-5887-40CE-80C1-9D3A4437C974}.Debug|Any CPU.Build.0 = Debug|Any CPU
		{5F4BC7DF-5887-40CE-80C1-9D3A4437C974}.Release|Any CPU.ActiveCfg = Release|Any CPU
		{5F4BC7DF-5887-40CE-80C1-9D3A4437C974}.Release|Any CPU.Build.0 = Release|Any CPU
		{F75D79D0-430B-431B-BAE3-5131C1099928}.Debug|Any CPU.ActiveCfg = Debug|Any CPU
		{F75D79D0-430B-431B-BAE3-5131C1099928}.Debug|Any CPU.Build.0 = Debug|Any CPU
		{F75D79D0-430B-431B-BAE3-5131C1099928}.Release|Any CPU.ActiveCfg = Release|Any CPU
		{F75D79D0-430B-431B-BAE3-5131C1099928}.Release|Any CPU.Build.0 = Release|Any CPU
		{4B8C7826-EFC6-48E8-B157-7AF8FA7ED33B}.Debug|Any CPU.ActiveCfg = Debug|Any CPU
		{4B8C7826-EFC6-48E8-B157-7AF8FA7ED33B}.Debug|Any CPU.Build.0 = Debug|Any CPU
		{4B8C7826-EFC6-48E8-B157-7AF8FA7ED33B}.Release|Any CPU.ActiveCfg = Release|Any CPU
		{4B8C7826-EFC6-48E8-B157-7AF8FA7ED33B}.Release|Any CPU.Build.0 = Release|Any CPU
	EndGlobalSection
	GlobalSection(SolutionProperties) = preSolution
		HideSolutionNode = FALSE
	EndGlobalSection
	GlobalSection(ExtensibilityGlobals) = postSolution
		SolutionGuid = {20F2C2BB-9AA0-4FE2-B89F-5AA3338589F9}
	EndGlobalSection
EndGlobal
